
Microsoft Visual Studio Solution File, Format Version 12.00
# Visual Studio Version 17
VisualStudioVersion = 17.14.36408.4 d17.14
MinimumVisualStudioVersion = 10.0.40219.1
Project("{FAE04EC0-301F-11D3-BF4B-00C04F79EFBC}") = "WebApi", "src\WebApi\WebApi.csproj", "{B5A13915-62B6-4600-B920-70D39EF7E31C}"
EndProject
Project("{FAE04EC0-301F-11D3-BF4B-00C04F79EFBC}") = "CdkDeploy", "..\CdkDeploy\src\CdkDeploy\CdkDeploy.csproj", "{57ED1709-430A-1F02-5B34-46E7BF131A84}"
EndProject
Global
	GlobalSection(SolutionConfigurationPlatforms) = preSolution
		Debug|Any CPU = Debug|Any CPU
		Release|Any CPU = Release|Any CPU
	EndGlobalSection
	GlobalSection(ProjectConfigurationPlatforms) = postSolution
		{B5A13915-62B6-4600-B920-70D39EF7E31C}.Debug|Any CPU.ActiveCfg = Release|Any CPU
		{B5A13915-62B6-4600-B920-70D39EF7E31C}.Debug|Any CPU.Build.0 = Release|Any CPU
		{B5A13915-62B6-4600-B920-70D39EF7E31C}.Release|Any CPU.ActiveCfg = Release|Any CPU
		{B5A13915-62B6-4600-B920-70D39EF7E31C}.Release|Any CPU.Build.0 = Release|Any CPU
		{57ED1709-430A-1F02-5B34-46E7BF131A84}.Debug|Any CPU.ActiveCfg = Debug|Any CPU
		{57ED1709-430A-1F02-5B34-46E7BF131A84}.Debug|Any CPU.Build.0 = Debug|Any CPU
		{57ED1709-430A-1F02-5B34-46E7BF131A84}.Release|Any CPU.ActiveCfg = Release|Any CPU
		{57ED1709-430A-1F02-5B34-46E7BF131A84}.Release|Any CPU.Build.0 = Release|Any CPU
	EndGlobalSection
	GlobalSection(SolutionProperties) = preSolution
		HideSolutionNode = FALSE
	EndGlobalSection
	GlobalSection(ExtensibilityGlobals) = postSolution
		SolutionGuid = {A7581458-238D-4E9A-9654-26EC5CBA5E70}
	EndGlobalSection
EndGlobal
